{
  "name": "tsc-utils",
  "version": "1.2.1",
  "lockfileVersion": 1,
  "requires": true,
  "dependencies": {
    "@sindresorhus/is": {
      "version": "4.0.0",
      "resolved": "https://registry.npmjs.org/@sindresorhus/is/-/is-4.0.0.tgz",
      "integrity": "sha512-FyD2meJpDPjyNQejSjvnhpgI/azsQkA4lGbuu5BQZfjvJ9cbRZXzeWL2HceCekW4lixO9JPesIIQkSoLjeJHNQ=="
    },
    "ow": {
      "version": "0.18.0",
      "resolved": "https://registry.npmjs.org/ow/-/ow-0.18.0.tgz",
      "integrity": "sha512-2Rc7sTon3MDhWsrMB4mbppPA6ldQmGtDQadpE03RQw3ebcgsuNw43IYa1eDWwrSdWglCikduZC8cuBLnA34Teg==",
      "requires": {
        "type-fest": "^0.17.0"
      }
    },
    "type-fest": {
      "version": "0.17.0",
      "resolved": "https://registry.npmjs.org/type-fest/-/type-fest-0.17.0.tgz",
      "integrity": "sha512-EFi9HE4hHj85XnVV80uAUMgICQmhxYgiEvtmfpcD6jqn6zYr36HxAU6k+i/DSY28TK7/lYL0s4v/kWmiKdqaoA=="
    },
    "typescript": {
      "version": "4.0.3",
      "resolved": "https://registry.npmjs.org/typescript/-/typescript-4.0.3.tgz",
      "integrity": "sha512-tEu6DGxGgRJPb/mVPIZ48e69xCn2yRmCgYmDugAVwmJ6o+0u1RI18eO7E7WBTLYLaEVVOhwQmcdhQHweux/WPg==",
      "dev": true
    }
  }
}
